
Microsoft Visual Studio Solution File, Format Version 12.00
# Visual Studio Version 17
VisualStudioVersion = 17.13.35919.96 d17.13
MinimumVisualStudioVersion = 10.0.40219.1
Project("{FAE04EC0-301F-11D3-BF4B-00C04F79EFBC}") = "EventDb", "EventDb.csproj", "{89CB2626-C98C-4878-8448-CA782E6152DE}"
EndProject
Global
	GlobalSection(SolutionConfigurationPlatforms) = preSolution
		Debug|Any CPU = Debug|Any CPU
		Release|Any CPU = Release|Any CPU
	EndGlobalSection
	GlobalSection(ProjectConfigurationPlatforms) = postSolution
		{89CB2626-C98C-4878-8448-CA782E6152DE}.Debug|Any CPU.ActiveCfg = Debug|Any CPU
		{89CB2626-C98C-4878-8448-CA782E6152DE}.Debug|Any CPU.Build.0 = Debug|Any CPU
		{89CB2626-C98C-4878-8448-CA782E6152DE}.Release|Any CPU.ActiveCfg = Release|Any CPU
		{89CB2626-C98C-4878-8448-CA782E6152DE}.Release|Any CPU.Build.0 = Release|Any CPU
	EndGlobalSection
	GlobalSection(SolutionProperties) = preSolution
		HideSolutionNode = FALSE
	EndGlobalSection
	GlobalSection(ExtensibilityGlobals) = postSolution
		SolutionGuid = {9693D78D-34BF-484E-8C06-15485164A998}
	EndGlobalSection
EndGlobal
